{
  "nodes": {
    "flake-utils": {
      "locked": {
        "lastModified": 1653893745,
        "narHash": "sha256-0jntwV3Z8//YwuOjzhV2sgJJPt+HY6KhU7VZUL0fKZQ=",
        "owner": "numtide",
        "repo": "flake-utils",
        "rev": "1ed9fb1935d260de5fe1c2f7ee0ebaae17ed2fa1",
        "type": "github"
      },
      "original": {
        "owner": "numtide",
        "repo": "flake-utils",
        "type": "github"
      }
    },
    "lib": {
      "locked": {
        "dir": "lib",
        "lastModified": 1654605263,
        "narHash": "sha256-+gjpCxRofgJtfBBmeCCPPzOxCGekH11AdE313m7ArNM=",
        "owner": "NixOS",
        "repo": "nixpkgs",
        "rev": "71153a85f7a8e1ed437d91eab3e44343e511408e",
        "type": "github"
      },
      "original": {
        "dir": "lib",
        "owner": "NixOS",
        "repo": "nixpkgs",
        "type": "github"
      }
    },
    "nixpkgs": {
      "locked": {
        "lastModified": 1654207956,
        "narHash": "sha256-5WXwNwlsCEKPxPPjMjWO7Ns5mfzJkx4AzgHqWrjUgxs=",
        "owner": "nixos",
        "repo": "nixpkgs",
        "rev": "e36551682addcce4849eaaebd91b6e368d726193",
        "type": "github"
      },
      "original": {
        "owner": "nixos",
        "repo": "nixpkgs",
        "type": "github"
      }
    },
    "root": {
      "inputs": {
        "flake-utils": "flake-utils",
        "lib": "lib",
        "nixpkgs": "nixpkgs"
      }
    }
  },
  "root": "root",
  "version": 7
}
